
Microsoft Visual Studio Solution File, Format Version 12.00
# Visual Studio Version 16
VisualStudioVersion = 16.0.29102.190
MinimumVisualStudioVersion = 10.0.40219.1
Project("{8BC9CEB8-8B4A-11D0-8D11-00A0C91BC942}") = "NGine", "NGine\NGine.vcxproj", "{DCD72FB9-059A-43D1-AFB7-68537AA31ACA}"
EndProject
Global
	GlobalSection(SolutionConfigurationPlatforms) = preSolution
		Debug|x64 = Debug|x64
		Debug|x86 = Debug|x86
		Release|x64 = Release|x64
		Release|x86 = Release|x86
	EndGlobalSection
	GlobalSection(ProjectConfigurationPlatforms) = postSolution
		{DCD72FB9-059A-43D1-AFB7-68537AA31ACA}.Debug|x64.ActiveCfg = Debug|x64
		{DCD72FB9-059A-43D1-AFB7-68537AA31ACA}.Debug|x64.Build.0 = Debug|x64
		{DCD72FB9-059A-43D1-AFB7-68537AA31ACA}.Debug|x86.ActiveCfg = Debug|Win32
		{DCD72FB9-059A-43D1-AFB7-68537AA31ACA}.Debug|x86.Build.0 = Debug|Win32
		{DCD72FB9-059A-43D1-AFB7-68537AA31ACA}.Release|x64.ActiveCfg = Release|x64
		{DCD72FB9-059A-43D1-AFB7-68537AA31ACA}.Release|x64.Build.0 = Release|x64
		{DCD72FB9-059A-43D1-AFB7-68537AA31ACA}.Release|x86.ActiveCfg = Release|Win32
		{DCD72FB9-059A-43D1-AFB7-68537AA31ACA}.Release|x86.Build.0 = Release|Win32
	EndGlobalSection
	GlobalSection(SolutionProperties) = preSolution
		HideSolutionNode = FALSE
	EndGlobalSection
	GlobalSection(ExtensibilityGlobals) = postSolution
		SolutionGuid = {CF6F87B0-8E1F-44CB-835F-D540101361CE}
	EndGlobalSection
EndGlobal
